// !$*UTF8*$!
{
	archiveVersion = 1;
	classes = {
	};
	objectVersion = 56;
	objects = {

/* Begin PBXBuildFile section */
		7D02291E2AE63DAE007D29D1 /* GameScene.swift in Sources */ = {isa = PBXBuildFile; fileRef = 7D02291D2AE63DAE007D29D1 /* GameScene.swift */; };
		7D99E9EB2AE43A2B005CADB4 /* PongWarsApp.swift in Sources */ = {isa = PBXBuildFile; fileRef = 7D99E9EA2AE43A2B005CADB4 /* PongWarsApp.swift */; };
		7D99E9ED2AE43A2B005CADB4 /* ContentView.swift in Sources */ = {isa = PBXBuildFile; fileRef = 7D99E9EC2AE43A2B005CADB4 /* ContentView.swift */; };
		7D99E9EF2AE43A2C005CADB4 /* Assets.xcassets in Resources */ = {isa = PBXBuildFile; fileRef = 7D99E9EE2AE43A2C005CADB4 /* Assets.xcassets */; };
		7D99E9F22AE43A2C005CADB4 /* Preview Assets.xcassets in Resources */ = {isa = PBXBuildFile; fileRef = 7D99E9F12AE43A2C005CADB4 /* Preview Assets.xcassets */; };
		7D99EA142AE5CC1B005CADB4 /* PaddleNode.swift in Sources */ = {isa = PBXBuildFile; fileRef = 7D99EA132AE5B8CA005CADB4 /* PaddleNode.swift */; };
		7D99EA152AE5CC1E005CADB4 /* BallNode.swift in Sources */ = {isa = PBXBuildFile; fileRef = 7D99EA122AE5B8C7005CADB4 /* BallNode.swift */; };
/* End PBXBuildFile section */

/* Begin PBXFileReference section */
		7D02291D2AE63DAE007D29D1 /* GameScene.swift */ = {isa = PBXFileReference; lastKnownFileType = sourcecode.swift; path = GameScene.swift; sourceTree = "<group>"; };
		7D99E9E72AE43A2B005CADB4 /* PongWars.app */ = {isa = PBXFileReference; explicitFileType = wrapper.application; includeInIndex = 0; path = PongWars.app; sourceTree = BUILT_PRODUCTS_DIR; };
		7D99E9EA2AE43A2B005CADB4 /* PongWarsApp.swift */ = {isa = PBXFileReference; lastKnownFileType = sourcecode.swift; path = PongWarsApp.swift; sourceTree = "<group>"; };
		7D99E9EC2AE43A2B005CADB4 /* ContentView.swift */ = {isa = PBXFileReference; lastKnownFileType = sourcecode.swift; path = ContentView.swift; sourceTree = "<group>"; };
		7D99E9EE2AE43A2C005CADB4 /* Assets.xcassets */ = {isa = PBXFileReference; lastKnownFileType = folder.assetcatalog; path = Assets.xcassets; sourceTree = "<group>"; };
		7D99E9F12AE43A2C005CADB4 /* Preview Assets.xcassets */ = {isa = PBXFileReference; lastKnownFileType = folder.assetcatalog; path = "Preview Assets.xcassets"; sourceTree = "<group>"; };
		7D99EA0C2AE43D22005CADB4 /* Global_Data_Types.swift */ = {isa = PBXFileReference; lastKnownFileType = sourcecode.swift; path = Global_Data_Types.swift; sourceTree = "<group>"; };
		7D99EA122AE5B8C7005CADB4 /* BallNode.swift */ = {isa = PBXFileReference; lastKnownFileType = sourcecode.swift; path = BallNode.swift; sourceTree = "<group>"; };
		7D99EA132AE5B8CA005CADB4 /* PaddleNode.swift */ = {isa = PBXFileReference; lastKnownFileType = sourcecode.swift; path = PaddleNode.swift; sourceTree = "<group>"; };
/* End PBXFileReference section */

/* Begin PBXFrameworksBuildPhase section */
		7D99E9E42AE43A2B005CADB4 /* Frameworks */ = {
			isa = PBXFrameworksBuildPhase;
			buildActionMask = 2147483647;
			files = (
			);
			runOnlyForDeploymentPostprocessing = 0;
		};
/* End PBXFrameworksBuildPhase section */

/* Begin PBXGroup section */
		7D99E9DE2AE43A2B005CADB4 = {
			isa = PBXGroup;
			children = (
				7D99E9E92AE43A2B005CADB4 /* PongWars */,
				7D99E9E82AE43A2B005CADB4 /* Products */,
			);
			sourceTree = "<group>";
		};
		7D99E9E82AE43A2B005CADB4 /* Products */ = {
			isa = PBXGroup;
			children = (
				7D99E9E72AE43A2B005CADB4 /* PongWars.app */,
			);
			name = Products;
			sourceTree = "<group>";
		};
		7D99E9E92AE43A2B005CADB4 /* PongWars */ = {
			isa = PBXGroup;
			children = (
				7D99E9EA2AE43A2B005CADB4 /* PongWarsApp.swift */,
				7D99EA0A2AE43D1B005CADB4 /* Views */,
				7D99EA092AE43D15005CADB4 /* Models */,
				7D99E9EE2AE43A2C005CADB4 /* Assets.xcassets */,
				7D99E9F02AE43A2C005CADB4 /* Preview Content */,
			);
			path = PongWars;
			sourceTree = "<group>";
		};
		7D99E9F02AE43A2C005CADB4 /* Preview Content */ = {
			isa = PBXGroup;
			children = (
				7D99E9F12AE43A2C005CADB4 /* Preview Assets.xcassets */,
			);
			path = "Preview Content";
			sourceTree = "<group>";
		};
		7D99EA092AE43D15005CADB4 /* Models */ = {
			isa = PBXGroup;
			children = (
				7D99EA0C2AE43D22005CADB4 /* Global_Data_Types.swift */,
			);
			path = Models;
			sourceTree = "<group>";
		};
		7D99EA0A2AE43D1B005CADB4 /* Views */ = {
			isa = PBXGroup;
			children = (
				7D99E9EC2AE43A2B005CADB4 /* ContentView.swift */,
				7D02291D2AE63DAE007D29D1 /* GameScene.swift */,
				7D99EA112AE5B8BF005CADB4 /* Nodes */,
			);
			path = Views;
			sourceTree = "<group>";
		};
		7D99EA112AE5B8BF005CADB4 /* Nodes */ = {
			isa = PBXGroup;
			children = (
				7D99EA122AE5B8C7005CADB4 /* BallNode.swift */,
				7D99EA132AE5B8CA005CADB4 /* PaddleNode.swift */,
			);
			path = Nodes;
			sourceTree = "<group>";
		};
/* End PBXGroup section */

/* Begin PBXNativeTarget section */
		7D99E9E62AE43A2B005CADB4 /* PongWars */ = {
			isa = PBXNativeTarget;
			buildConfigurationList = 7D99E9F52AE43A2C005CADB4 /* Build configuration list for PBXNativeTarget "PongWars" */;
			buildPhases = (
				7D99E9E32AE43A2B005CADB4 /* Sources */,
				7D99E9E42AE43A2B005CADB4 /* Frameworks */,
				7D99E9E52AE43A2B005CADB4 /* Resources */,
			);
			buildRules = (
			);
			dependencies = (
			);
			name = PongWars;
			productName = PongWars;
			productReference = 7D99E9E72AE43A2B005CADB4 /* PongWars.app */;
			productType = "com.apple.product-type.application";
		};
/* End PBXNativeTarget section */

/* Begin PBXProject section */
		7D99E9DF2AE43A2B005CADB4 /* Project object */ = {
			isa = PBXProject;
			attributes = {
				BuildIndependentTargetsInParallel = 1;
				LastSwiftUpdateCheck = 1500;
				LastUpgradeCheck = 1500;
				TargetAttributes = {
					7D99E9E62AE43A2B005CADB4 = {
						CreatedOnToolsVersion = 15.0.1;
					};
				};
			};
			buildConfigurationList = 7D99E9E22AE43A2B005CADB4 /* Build configuration list for PBXProject "PongWars" */;
			compatibilityVersion = "Xcode 14.0";
			developmentRegion = en;
			hasScannedForEncodings = 0;
			knownRegions = (
				en,
				Base,
			);
			mainGroup = 7D99E9DE2AE43A2B005CADB4;
			productRefGroup = 7D99E9E82AE43A2B005CADB4 /* Products */;
			projectDirPath = "";
			projectRoot = "";
			targets = (
				7D99E9E62AE43A2B005CADB4 /* PongWars */,
			);
		};
/* End PBXProject section */

/* Begin PBXResourcesBuildPhase section */
		7D99E9E52AE43A2B005CADB4 /* Resources */ = {
			isa = PBXResourcesBuildPhase;
			buildActionMask = 2147483647;
			files = (
				7D99E9F22AE43A2C005CADB4 /* Preview Assets.xcassets in Resources */,
				7D99E9EF2AE43A2C005CADB4 /* Assets.xcassets in Resources */,
			);
			runOnlyForDeploymentPostprocessing = 0;
		};
/* End PBXResourcesBuildPhase section */

/* Begin PBXSourcesBuildPhase section */
		7D99E9E32AE43A2B005CADB4 /* Sources */ = {
			isa = PBXSourcesBuildPhase;
			buildActionMask = 2147483647;
			files = (
				7D02291E2AE63DAE007D29D1 /* GameScene.swift in Sources */,
				7D99EA142AE5CC1B005CADB4 /* PaddleNode.swift in Sources */,
				7D99E9ED2AE43A2B005CADB4 /* ContentView.swift in Sources */,
				7D99EA152AE5CC1E005CADB4 /* BallNode.swift in Sources */,
				7D99E9EB2AE43A2B005CADB4 /* PongWarsApp.swift in Sources */,
			);
			runOnlyForDeploymentPostprocessing = 0;
		};
/* End PBXSourcesBuildPhase section */

/* Begin XCBuildConfiguration section */
		7D99E9F32AE43A2C005CADB4 /* Debug */ = {
			isa = XCBuildConfiguration;
			buildSettings = {
				ALWAYS_SEARCH_USER_PATHS = NO;
				ASSETCATALOG_COMPILER_GENERATE_SWIFT_ASSET_SYMBOL_EXTENSIONS = YES;
				CLANG_ANALYZER_NONNULL = YES;
				CLANG_ANALYZER_NUMBER_OBJECT_CONVERSION = YES_AGGRESSIVE;
				CLANG_CXX_LANGUAGE_STANDARD = "gnu++20";
				CLANG_ENABLE_MODULES = YES;
				CLANG_ENABLE_OBJC_ARC = YES;
				CLANG_ENABLE_OBJC_WEAK = YES;
				CLANG_WARN_BLOCK_CAPTURE_AUTORELEASING = YES;
				CLANG_WARN_BOOL_CONVERSION = YES;
				CLANG_WARN_COMMA = YES;
				CLANG_WARN_CONSTANT_CONVERSION = YES;
				CLANG_WARN_DEPRECATED_OBJC_IMPLEMENTATIONS = YES;
				CLANG_WARN_DIRECT_OBJC_ISA_USAGE = YES_ERROR;
				CLANG_WARN_DOCUMENTATION_COMMENTS = YES;
				CLANG_WARN_EMPTY_BODY = YES;
				CLANG_WARN_ENUM_CONVERSION = YES;
				CLANG_WARN_INFINITE_RECURSION = YES;
				CLANG_WARN_INT_CONVERSION = YES;
				CLANG_WARN_NON_LITERAL_NULL_CONVERSION = YES;
				CLANG_WARN_OBJC_IMPLICIT_RETAIN_SELF = YES;
				CLANG_WARN_OBJC_LITERAL_CONVERSION = YES;
				CLANG_WARN_OBJC_ROOT_CLASS = YES_ERROR;
				CLANG_WARN_QUOTED_INCLUDE_IN_FRAMEWORK_HEADER = YES;
				CLANG_WARN_RANGE_LOOP_ANALYSIS = YES;
				CLANG_WARN_STRICT_PROTOTYPES = YES;
				CLANG_WARN_SUSPICIOUS_MOVE = YES;
				CLANG_WARN_UNGUARDED_AVAILABILITY = YES_AGGRESSIVE;
				CLANG_WARN_UNREACHABLE_CODE = YES;
				CLANG_WARN__DUPLICATE_METHOD_MATCH = YES;
				COPY_PHASE_STRIP = NO;
				DEBUG_INFORMATION_FORMAT = dwarf;
				ENABLE_STRICT_OBJC_MSGSEND = YES;
				ENABLE_TESTABILITY = YES;
				ENABLE_USER_SCRIPT_SANDBOXING = YES;
				GCC_C_LANGUAGE_STANDARD = gnu17;
				GCC_DYNAMIC_NO_PIC = NO;
				GCC_NO_COMMON_BLOCKS = YES;
				GCC_OPTIMIZATION_LEVEL = 0;
				GCC_PREPROCESSOR_DEFINITIONS = (
					"DEBUG=1",
					"$(inherited)",
				);
				GCC_WARN_64_TO_32_BIT_CONVERSION = YES;
				GCC_WARN_ABOUT_RETURN_TYPE = YES_ERROR;
				GCC_WARN_UNDECLARED_SELECTOR = YES;
				GCC_WARN_UNINITIALIZED_AUTOS = YES_AGGRESSIVE;
				GCC_WARN_UNUSED_FUNCTION = YES;
				GCC_WARN_UNUSED_VARIABLE = YES;
				IPHONEOS_DEPLOYMENT_TARGET = 17.0;
				LOCALIZATION_PREFERS_STRING_CATALOGS = YES;
				MTL_ENABLE_DEBUG_INFO = INCLUDE_SOURCE;
				MTL_FAST_MATH = YES;
				ONLY_ACTIVE_ARCH = YES;
				SDKROOT = iphoneos;
				SWIFT_ACTIVE_COMPILATION_CONDITIONS = "DEBUG $(inherited)";
				SWIFT_OPTIMIZATION_LEVEL = "-Onone";
			};
			name = Debug;
		};
		7D99E9F42AE43A2C005CADB4 /* Release */ = {
			isa = XCBuildConfiguration;
			buildSettings = {
				ALWAYS_SEARCH_USER_PATHS = NO;
				ASSETCATALOG_COMPILER_GENERATE_SWIFT_ASSET_SYMBOL_EXTENSIONS = YES;
				CLANG_ANALYZER_NONNULL = YES;
				CLANG_ANALYZER_NUMBER_OBJECT_CONVERSION = YES_AGGRESSIVE;
				CLANG_CXX_LANGUAGE_STANDARD = "gnu++20";
				CLANG_ENABLE_MODULES = YES;
				CLANG_ENABLE_OBJC_ARC = YES;
				CLANG_ENABLE_OBJC_WEAK = YES;
				CLANG_WARN_BLOCK_CAPTURE_AUTORELEASING = YES;
				CLANG_WARN_BOOL_CONVERSION = YES;
				CLANG_WARN_COMMA = YES;
				CLANG_WARN_CONSTANT_CONVERSION = YES;
				CLANG_WARN_DEPRECATED_OBJC_IMPLEMENTATIONS = YES;
				CLANG_WARN_DIRECT_OBJC_ISA_USAGE = YES_ERROR;
				CLANG_WARN_DOCUMENTATION_COMMENTS = YES;
				CLANG_WARN_EMPTY_BODY = YES;
				CLANG_WARN_ENUM_CONVERSION = YES;
				CLANG_WARN_INFINITE_RECURSION = YES;
				CLANG_WARN_INT_CONVERSION = YES;
				CLANG_WARN_NON_LITERAL_NULL_CONVERSION = YES;
				CLANG_WARN_OBJC_IMPLICIT_RETAIN_SELF = YES;
				CLANG_WARN_OBJC_LITERAL_CONVERSION = YES;
				CLANG_WARN_OBJC_ROOT_CLASS = YES_ERROR;
				CLANG_WARN_QUOTED_INCLUDE_IN_FRAMEWORK_HEADER = YES;
				CLANG_WARN_RANGE_LOOP_ANALYSIS = YES;
				CLANG_WARN_STRICT_PROTOTYPES = YES;
				CLANG_WARN_SUSPICIOUS_MOVE = YES;
				CLANG_WARN_UNGUARDED_AVAILABILITY = YES_AGGRESSIVE;
				CLANG_WARN_UNREACHABLE_CODE = YES;
				CLANG_WARN__DUPLICATE_METHOD_MATCH = YES;
				COPY_PHASE_STRIP = NO;
				DEBUG_INFORMATION_FORMAT = "dwarf-with-dsym";
				ENABLE_NS_ASSERTIONS = NO;
				ENABLE_STRICT_OBJC_MSGSEND = YES;
				ENABLE_USER_SCRIPT_SANDBOXING = YES;
				GCC_C_LANGUAGE_STANDARD = gnu17;
				GCC_NO_COMMON_BLOCKS = YES;
				GCC_WARN_64_TO_32_BIT_CONVERSION = YES;
				GCC_WARN_ABOUT_RETURN_TYPE = YES_ERROR;
				GCC_WARN_UNDECLARED_SELECTOR = YES;
				GCC_WARN_UNINITIALIZED_AUTOS = YES_AGGRESSIVE;
				GCC_WARN_UNUSED_FUNCTION = YES;
				GCC_WARN_UNUSED_VARIABLE = YES;
				IPHONEOS_DEPLOYMENT_TARGET = 17.0;
				LOCALIZATION_PREFERS_STRING_CATALOGS = YES;
				MTL_ENABLE_DEBUG_INFO = NO;
				MTL_FAST_MATH = YES;
				SDKROOT = iphoneos;
				SWIFT_COMPILATION_MODE = wholemodule;
				VALIDATE_PRODUCT = YES;
			};
			name = Release;
		};
		7D99E9F62AE43A2C005CADB4 /* Debug */ = {
			isa = XCBuildConfiguration;
			buildSettings = {
				ASSETCATALOG_COMPILER_APPICON_NAME = AppIcon;
				ASSETCATALOG_COMPILER_GLOBAL_ACCENT_COLOR_NAME = AccentColor;
				CODE_SIGN_STYLE = Automatic;
				CURRENT_PROJECT_VERSION = 1;
				DEVELOPMENT_ASSET_PATHS = "\"PongWars/Preview Content\"";
				DEVELOPMENT_TEAM = Z272JMU5D7;
				ENABLE_PREVIEWS = YES;
				GENERATE_INFOPLIST_FILE = YES;
				INFOPLIST_KEY_UIApplicationSceneManifest_Generation = YES;
				INFOPLIST_KEY_UIApplicationSupportsIndirectInputEvents = YES;
				INFOPLIST_KEY_UILaunchScreen_Generation = YES;
				INFOPLIST_KEY_UISupportedInterfaceOrientations_iPad = "UIInterfaceOrientationPortrait UIInterfaceOrientationPortraitUpsideDown UIInterfaceOrientationLandscapeLeft UIInterfaceOrientationLandscapeRight";
				INFOPLIST_KEY_UISupportedInterfaceOrientations_iPhone = "UIInterfaceOrientationPortrait UIInterfaceOrientationLandscapeLeft UIInterfaceOrientationLandscapeRight";
				LD_RUNPATH_SEARCH_PATHS = (
					"$(inherited)",
					"@executable_path/Frameworks",
				);
				MARKETING_VERSION = 1.0;
				PRODUCT_BUNDLE_IDENTIFIER = PongWars.PongWars;
				PRODUCT_NAME = "$(TARGET_NAME)";
				SWIFT_EMIT_LOC_STRINGS = YES;
				SWIFT_VERSION = 5.0;
				TARGETED_DEVICE_FAMILY = "1,2";
			};
			name = Debug;
		};
		7D99E9F72AE43A2C005CADB4 /* Release */ = {
			isa = XCBuildConfiguration;
			buildSettings = {
				ASSETCATALOG_COMPILER_APPICON_NAME = AppIcon;
				ASSETCATALOG_COMPILER_GLOBAL_ACCENT_COLOR_NAME = AccentColor;
				CODE_SIGN_STYLE = Automatic;
				CURRENT_PROJECT_VERSION = 1;
				DEVELOPMENT_ASSET_PATHS = "\"PongWars/Preview Content\"";
				DEVELOPMENT_TEAM = Z272JMU5D7;
				ENABLE_PREVIEWS = YES;
				GENERATE_INFOPLIST_FILE = YES;
				INFOPLIST_KEY_UIApplicationSceneManifest_Generation = YES;
				INFOPLIST_KEY_UIApplicationSupportsIndirectInputEvents = YES;
				INFOPLIST_KEY_UILaunchScreen_Generation = YES;
				INFOPLIST_KEY_UISupportedInterfaceOrientations_iPad = "UIInterfaceOrientationPortrait UIInterfaceOrientationPortraitUpsideDown UIInterfaceOrientationLandscapeLeft UIInterfaceOrientationLandscapeRight";
				INFOPLIST_KEY_UISupportedInterfaceOrientations_iPhone = "UIInterfaceOrientationPortrait UIInterfaceOrientationLandscapeLeft UIInterfaceOrientationLandscapeRight";
				LD_RUNPATH_SEARCH_PATHS = (
					"$(inherited)",
					"@executable_path/Frameworks",
				);
				MARKETING_VERSION = 1.0;
				PRODUCT_BUNDLE_IDENTIFIER = PongWars.PongWars;
				PRODUCT_NAME = "$(TARGET_NAME)";
				SWIFT_EMIT_LOC_STRINGS = YES;
				SWIFT_VERSION = 5.0;
				TARGETED_DEVICE_FAMILY = "1,2";
			};
			name = Release;
		};
/* End XCBuildConfiguration section */

/* Begin XCConfigurationList section */
		7D99E9E22AE43A2B005CADB4 /* Build configuration list for PBXProject "PongWars" */ = {
			isa = XCConfigurationList;
			buildConfigurations = (
				7D99E9F32AE43A2C005CADB4 /* Debug */,
				7D99E9F42AE43A2C005CADB4 /* Release */,
			);
			defaultConfigurationIsVisible = 0;
			defaultConfigurationName = Release;
		};
		7D99E9F52AE43A2C005CADB4 /* Build configuration list for PBXNativeTarget "PongWars" */ = {
			isa = XCConfigurationList;
			buildConfigurations = (
				7D99E9F62AE43A2C005CADB4 /* Debug */,
				7D99E9F72AE43A2C005CADB4 /* Release */,
			);
			defaultConfigurationIsVisible = 0;
			defaultConfigurationName = Release;
		};
/* End XCConfigurationList section */
	};
	rootObject = 7D99E9DF2AE43A2B005CADB4 /* Project object */;
}
